{
    "requires": true,
    "lockfileVersion": 1,
    "dependencies": {
        "tinymce": {
            "version": "4.7.5",
            "resolved": "http://registry.npm.taobao.org/tinymce/download/tinymce-4.7.5.tgz",
            "integrity": "sha1-lB/Q2qymYcrLhaRKbUeOcJ0/hcs="
        },
        "vue": {
            "version": "2.5.13",
            "resolved": "http://registry.npm.taobao.org/vue/download/vue-2.5.13.tgz",
            "integrity": "sha1-lb0x4g7896fzkjnJqmeHzoz1eOE="
        },
        "vue-tinymce": {
            "version": "github:lpreterite/vue-tinymce#38eaede6f573b776b24e9a2500e18680585f3351",
            "requires": {
                "tinymce": "4.7.5",
                "vue": "2.5.13"
            }
        }
    }
}
